{
  "lockfileVersion": 1,
  "workspaces": {
    "": {
      "name": "aws-portfoward",
      "dependencies": {
        "@aws-sdk/client-ecs": "^3.830.0",
        "@aws-sdk/client-rds": "^3.830.0",
        "@aws-sdk/client-ssm": "^3.830.0",
        "chalk": "^5.4.1",
        "commander": "^14.0.0",
        "inquirer": "^12.6.3",
      },
      "devDependencies": {
        "@biomejs/biome": "^2.0.0",
        "@types/bun": "latest",
        "@types/inquirer": "^9.0.8",
      },
      "peerDependencies": {
        "typescript": "^5",
      },
    },
  },
  "packages": {
    "@aws-crypto/sha256-browser": ["@aws-crypto/sha256-browser@5.2.0", "", { "dependencies": { "@aws-crypto/sha256-js": "^5.2.0", "@aws-crypto/supports-web-crypto": "^5.2.0", "@aws-crypto/util": "^5.2.0", "@aws-sdk/types": "^3.222.0", "@aws-sdk/util-locate-window": "^3.0.0", "@smithy/util-utf8": "^2.0.0", "tslib": "^2.6.2" } }, "sha512-AXfN/lGotSQwu6HNcEsIASo7kWXZ5HYWvfOmSNKDsEqC4OashTp8alTmaz+F7TC2L083SFv5RdB+qU3Vs1kZqw=="],

    "@aws-crypto/sha256-js": ["@aws-crypto/sha256-js@5.2.0", "", { "dependencies": { "@aws-crypto/util": "^5.2.0", "@aws-sdk/types": "^3.222.0", "tslib": "^2.6.2" } }, "sha512-FFQQyu7edu4ufvIZ+OadFpHHOt+eSTBaYaki44c+akjg7qZg9oOQeLlk77F6tSYqjDAFClrHJk9tMf0HdVyOvA=="],

    "@aws-crypto/supports-web-crypto": ["@aws-crypto/supports-web-crypto@5.2.0", "", { "dependencies": { "tslib": "^2.6.2" } }, "sha512-iAvUotm021kM33eCdNfwIN//F77/IADDSs58i+MDaOqFrVjZo9bAal0NK7HurRuWLLpF1iLX7gbWrjHjeo+YFg=="],

    "@aws-crypto/util": ["@aws-crypto/util@5.2.0", "", { "dependencies": { "@aws-sdk/types": "^3.222.0", "@smithy/util-utf8": "^2.0.0", "tslib": "^2.6.2" } }, "sha512-4RkU9EsI6ZpBve5fseQlGNUWKMa1RLPQ1dnjnQoe07ldfIzcsGb5hC5W0Dm7u423KWzawlrpbjXBrXCEv9zazQ=="],

    "@aws-sdk/client-ecs": ["@aws-sdk/client-ecs@3.830.0", "", { "dependencies": { "@aws-crypto/sha256-browser": "5.2.0", "@aws-crypto/sha256-js": "5.2.0", "@aws-sdk/core": "3.826.0", "@aws-sdk/credential-provider-node": "3.830.0", "@aws-sdk/middleware-host-header": "3.821.0", "@aws-sdk/middleware-logger": "3.821.0", "@aws-sdk/middleware-recursion-detection": "3.821.0", "@aws-sdk/middleware-user-agent": "3.828.0", "@aws-sdk/region-config-resolver": "3.821.0", "@aws-sdk/types": "3.821.0", "@aws-sdk/util-endpoints": "3.828.0", "@aws-sdk/util-user-agent-browser": "3.821.0", "@aws-sdk/util-user-agent-node": "3.828.0", "@smithy/config-resolver": "^4.1.4", "@smithy/core": "^3.5.3", "@smithy/fetch-http-handler": "^5.0.4", "@smithy/hash-node": "^4.0.4", "@smithy/invalid-dependency": "^4.0.4", "@smithy/middleware-content-length": "^4.0.4", "@smithy/middleware-endpoint": "^4.1.11", "@smithy/middleware-retry": "^4.1.12", "@smithy/middleware-serde": "^4.0.8", "@smithy/middleware-stack": "^4.0.4", "@smithy/node-config-provider": "^4.1.3", "@smithy/node-http-handler": "^4.0.6", "@smithy/protocol-http": "^5.1.2", "@smithy/smithy-client": "^4.4.3", "@smithy/types": "^4.3.1", "@smithy/url-parser": "^4.0.4", "@smithy/util-base64": "^4.0.0", "@smithy/util-body-length-browser": "^4.0.0", "@smithy/util-body-length-node": "^4.0.0", "@smithy/util-defaults-mode-browser": "^4.0.19", "@smithy/util-defaults-mode-node": "^4.0.19", "@smithy/util-endpoints": "^3.0.6", "@smithy/util-middleware": "^4.0.4", "@smithy/util-retry": "^4.0.5", "@smithy/util-utf8": "^4.0.0", "@smithy/util-waiter": "^4.0.5", "@types/uuid": "^9.0.1", "tslib": "^2.6.2", "uuid": "^9.0.1" } }, "sha512-uh+OvaH+VNb0rb1NDGTHaVtAzcTkGxmZHcDH1EdDq9eVfpqee8GGY3nG9IYGs0cJItgNNdfY6Z8e119JTwTkdA=="],

    "@aws-sdk/client-rds": ["@aws-sdk/client-rds@3.830.0", "", { "dependencies": { "@aws-crypto/sha256-browser": "5.2.0", "@aws-crypto/sha256-js": "5.2.0", "@aws-sdk/core": "3.826.0", "@aws-sdk/credential-provider-node": "3.830.0", "@aws-sdk/middleware-host-header": "3.821.0", "@aws-sdk/middleware-logger": "3.821.0", "@aws-sdk/middleware-recursion-detection": "3.821.0", "@aws-sdk/middleware-sdk-rds": "3.826.0", "@aws-sdk/middleware-user-agent": "3.828.0", "@aws-sdk/region-config-resolver": "3.821.0", "@aws-sdk/types": "3.821.0", "@aws-sdk/util-endpoints": "3.828.0", "@aws-sdk/util-user-agent-browser": "3.821.0", "@aws-sdk/util-user-agent-node": "3.828.0", "@smithy/config-resolver": "^4.1.4", "@smithy/core": "^3.5.3", "@smithy/fetch-http-handler": "^5.0.4", "@smithy/hash-node": "^4.0.4", "@smithy/invalid-dependency": "^4.0.4", "@smithy/middleware-content-length": "^4.0.4", "@smithy/middleware-endpoint": "^4.1.11", "@smithy/middleware-retry": "^4.1.12", "@smithy/middleware-serde": "^4.0.8", "@smithy/middleware-stack": "^4.0.4", "@smithy/node-config-provider": "^4.1.3", "@smithy/node-http-handler": "^4.0.6", "@smithy/protocol-http": "^5.1.2", "@smithy/smithy-client": "^4.4.3", "@smithy/types": "^4.3.1", "@smithy/url-parser": "^4.0.4", "@smithy/util-base64": "^4.0.0", "@smithy/util-body-length-browser": "^4.0.0", "@smithy/util-body-length-node": "^4.0.0", "@smithy/util-defaults-mode-browser": "^4.0.19", "@smithy/util-defaults-mode-node": "^4.0.19", "@smithy/util-endpoints": "^3.0.6", "@smithy/util-middleware": "^4.0.4", "@smithy/util-retry": "^4.0.5", "@smithy/util-utf8": "^4.0.0", "@smithy/util-waiter": "^4.0.5", "tslib": "^2.6.2" } }, "sha512-5x6Jnhq2dhZH+V4XE9af5mw5H9US0GuSuYtB6TlIiKNNsNt1MrkopdW2oHKoqsnSiYhc/lVWRE3Oy/8V7xO4yA=="],

    "@aws-sdk/client-ssm": ["@aws-sdk/client-ssm@3.830.0", "", { "dependencies": { "@aws-crypto/sha256-browser": "5.2.0", "@aws-crypto/sha256-js": "5.2.0", "@aws-sdk/core": "3.826.0", "@aws-sdk/credential-provider-node": "3.830.0", "@aws-sdk/middleware-host-header": "3.821.0", "@aws-sdk/middleware-logger": "3.821.0", "@aws-sdk/middleware-recursion-detection": "3.821.0", "@aws-sdk/middleware-user-agent": "3.828.0", "@aws-sdk/region-config-resolver": "3.821.0", "@aws-sdk/types": "3.821.0", "@aws-sdk/util-endpoints": "3.828.0", "@aws-sdk/util-user-agent-browser": "3.821.0", "@aws-sdk/util-user-agent-node": "3.828.0", "@smithy/config-resolver": "^4.1.4", "@smithy/core": "^3.5.3", "@smithy/fetch-http-handler": "^5.0.4", "@smithy/hash-node": "^4.0.4", "@smithy/invalid-dependency": "^4.0.4", "@smithy/middleware-content-length": "^4.0.4", "@smithy/middleware-endpoint": "^4.1.11", "@smithy/middleware-retry": "^4.1.12", "@smithy/middleware-serde": "^4.0.8", "@smithy/middleware-stack": "^4.0.4", "@smithy/node-config-provider": "^4.1.3", "@smithy/node-http-handler": "^4.0.6", "@smithy/protocol-http": "^5.1.2", "@smithy/smithy-client": "^4.4.3", "@smithy/types": "^4.3.1", "@smithy/url-parser": "^4.0.4", "@smithy/util-base64": "^4.0.0", "@smithy/util-body-length-browser": "^4.0.0", "@smithy/util-body-length-node": "^4.0.0", "@smithy/util-defaults-mode-browser": "^4.0.19", "@smithy/util-defaults-mode-node": "^4.0.19", "@smithy/util-endpoints": "^3.0.6", "@smithy/util-middleware": "^4.0.4", "@smithy/util-retry": "^4.0.5", "@smithy/util-utf8": "^4.0.0", "@smithy/util-waiter": "^4.0.5", "@types/uuid": "^9.0.1", "tslib": "^2.6.2", "uuid": "^9.0.1" } }, "sha512-eeYYfVldV7Od/tMcyWumufspKGwlu53XjhgF8zMC7e7P2D541iQ6LwvHuwScw8xhlqfHsBzMS/yCnsDeM4kNmw=="],

    "@aws-sdk/client-sso": ["@aws-sdk/client-sso@3.830.0", "", { "dependencies": { "@aws-crypto/sha256-browser": "5.2.0", "@aws-crypto/sha256-js": "5.2.0", "@aws-sdk/core": "3.826.0", "@aws-sdk/middleware-host-header": "3.821.0", "@aws-sdk/middleware-logger": "3.821.0", "@aws-sdk/middleware-recursion-detection": "3.821.0", "@aws-sdk/middleware-user-agent": "3.828.0", "@aws-sdk/region-config-resolver": "3.821.0", "@aws-sdk/types": "3.821.0", "@aws-sdk/util-endpoints": "3.828.0", "@aws-sdk/util-user-agent-browser": "3.821.0", "@aws-sdk/util-user-agent-node": "3.828.0", "@smithy/config-resolver": "^4.1.4", "@smithy/core": "^3.5.3", "@smithy/fetch-http-handler": "^5.0.4", "@smithy/hash-node": "^4.0.4", "@smithy/invalid-dependency": "^4.0.4", "@smithy/middleware-content-length": "^4.0.4", "@smithy/middleware-endpoint": "^4.1.11", "@smithy/middleware-retry": "^4.1.12", "@smithy/middleware-serde": "^4.0.8", "@smithy/middleware-stack": "^4.0.4", "@smithy/node-config-provider": "^4.1.3", "@smithy/node-http-handler": "^4.0.6", "@smithy/protocol-http": "^5.1.2", "@smithy/smithy-client": "^4.4.3", "@smithy/types": "^4.3.1", "@smithy/url-parser": "^4.0.4", "@smithy/util-base64": "^4.0.0", "@smithy/util-body-length-browser": "^4.0.0", "@smithy/util-body-length-node": "^4.0.0", "@smithy/util-defaults-mode-browser": "^4.0.19", "@smithy/util-defaults-mode-node": "^4.0.19", "@smithy/util-endpoints": "^3.0.6", "@smithy/util-middleware": "^4.0.4", "@smithy/util-retry": "^4.0.5", "@smithy/util-utf8": "^4.0.0", "tslib": "^2.6.2" } }, "sha512-5zCEpfI+zwX2SIa258L+TItNbBoAvQQ6w74qdFM6YJufQ1F9tvwjTX8T+eSTT9nsFIvfYnUaGalWwJVfmJUgVQ=="],

    "@aws-sdk/core": ["@aws-sdk/core@3.826.0", "", { "dependencies": { "@aws-sdk/types": "3.821.0", "@aws-sdk/xml-builder": "3.821.0", "@smithy/core": "^3.5.3", "@smithy/node-config-provider": "^4.1.3", "@smithy/property-provider": "^4.0.4", "@smithy/protocol-http": "^5.1.2", "@smithy/signature-v4": "^5.1.2", "@smithy/smithy-client": "^4.4.3", "@smithy/types": "^4.3.1", "@smithy/util-base64": "^4.0.0", "@smithy/util-body-length-browser": "^4.0.0", "@smithy/util-middleware": "^4.0.4", "@smithy/util-utf8": "^4.0.0", "fast-xml-parser": "4.4.1", "tslib": "^2.6.2" } }, "sha512-BGbQYzWj3ps+dblq33FY5tz/SsgJCcXX0zjQlSC07tYvU1jHTUvsefphyig+fY38xZ4wdKjbTop+KUmXUYrOXw=="],

    "@aws-sdk/credential-provider-env": ["@aws-sdk/credential-provider-env@3.826.0", "", { "dependencies": { "@aws-sdk/core": "3.826.0", "@aws-sdk/types": "3.821.0", "@smithy/property-provider": "^4.0.4", "@smithy/types": "^4.3.1", "tslib": "^2.6.2" } }, "sha512-DK3pQY8+iKK3MGDdC3uOZQ2psU01obaKlTYhEwNu4VWzgwQL4Vi3sWj4xSWGEK41vqZxiRLq6fOq7ysRI+qEZA=="],

    "@aws-sdk/credential-provider-http": ["@aws-sdk/credential-provider-http@3.826.0", "", { "dependencies": { "@aws-sdk/core": "3.826.0", "@aws-sdk/types": "3.821.0", "@smithy/fetch-http-handler": "^5.0.4", "@smithy/node-http-handler": "^4.0.6", "@smithy/property-provider": "^4.0.4", "@smithy/protocol-http": "^5.1.2", "@smithy/smithy-client": "^4.4.3", "@smithy/types": "^4.3.1", "@smithy/util-stream": "^4.2.2", "tslib": "^2.6.2" } }, "sha512-N+IVZBh+yx/9GbMZTKO/gErBi/FYZQtcFRItoLbY+6WU+0cSWyZYfkoeOxHmQV3iX9k65oljERIWUmL9x6OSQg=="],

    "@aws-sdk/credential-provider-ini": ["@aws-sdk/credential-provider-ini@3.830.0", "", { "dependencies": { "@aws-sdk/core": "3.826.0", "@aws-sdk/credential-provider-env": "3.826.0", "@aws-sdk/credential-provider-http": "3.826.0", "@aws-sdk/credential-provider-process": "3.826.0", "@aws-sdk/credential-provider-sso": "3.830.0", "@aws-sdk/credential-provider-web-identity": "3.830.0", "@aws-sdk/nested-clients": "3.830.0", "@aws-sdk/types": "3.821.0", "@smithy/credential-provider-imds": "^4.0.6", "@smithy/property-provider": "^4.0.4", "@smithy/shared-ini-file-loader": "^4.0.4", "@smithy/types": "^4.3.1", "tslib": "^2.6.2" } }, "sha512-zeQenzvh8JRY5nULd8izdjVGoCM1tgsVVsrLSwDkHxZTTW0hW/bmOmXfvdaE0wDdomXW7m2CkQDSmP7XdvNXZg=="],

    "@aws-sdk/credential-provider-node": ["@aws-sdk/credential-provider-node@3.830.0", "", { "dependencies": { "@aws-sdk/credential-provider-env": "3.826.0", "@aws-sdk/credential-provider-http": "3.826.0", "@aws-sdk/credential-provider-ini": "3.830.0", "@aws-sdk/credential-provider-process": "3.826.0", "@aws-sdk/credential-provider-sso": "3.830.0", "@aws-sdk/credential-provider-web-identity": "3.830.0", "@aws-sdk/types": "3.821.0", "@smithy/credential-provider-imds": "^4.0.6", "@smithy/property-provider": "^4.0.4", "@smithy/shared-ini-file-loader": "^4.0.4", "@smithy/types": "^4.3.1", "tslib": "^2.6.2" } }, "sha512-X/2LrTgwtK1pkWrvofxQBI8VTi6QVLtSMpsKKPPnJQ0vgqC0e4czSIs3ZxiEsOkCBaQ2usXSiKyh0ccsQ6k2OA=="],

    "@aws-sdk/credential-provider-process": ["@aws-sdk/credential-provider-process@3.826.0", "", { "dependencies": { "@aws-sdk/core": "3.826.0", "@aws-sdk/types": "3.821.0", "@smithy/property-provider": "^4.0.4", "@smithy/shared-ini-file-loader": "^4.0.4", "@smithy/types": "^4.3.1", "tslib": "^2.6.2" } }, "sha512-kURrc4amu3NLtw1yZw7EoLNEVhmOMRUTs+chaNcmS+ERm3yK0nKjaJzmKahmwlTQTSl3wJ8jjK7x962VPo+zWw=="],

    "@aws-sdk/credential-provider-sso": ["@aws-sdk/credential-provider-sso@3.830.0", "", { "dependencies": { "@aws-sdk/client-sso": "3.830.0", "@aws-sdk/core": "3.826.0", "@aws-sdk/token-providers": "3.830.0", "@aws-sdk/types": "3.821.0", "@smithy/property-provider": "^4.0.4", "@smithy/shared-ini-file-loader": "^4.0.4", "@smithy/types": "^4.3.1", "tslib": "^2.6.2" } }, "sha512-+VdRpZmfekzpySqZikAKx6l5ndnLGluioIgUG4ZznrButgFD/iogzFtGmBDFB3ZLViX1l4pMXru0zFwJEZT21Q=="],

    "@aws-sdk/credential-provider-web-identity": ["@aws-sdk/credential-provider-web-identity@3.830.0", "", { "dependencies": { "@aws-sdk/core": "3.826.0", "@aws-sdk/nested-clients": "3.830.0", "@aws-sdk/types": "3.821.0", "@smithy/property-provider": "^4.0.4", "@smithy/types": "^4.3.1", "tslib": "^2.6.2" } }, "sha512-hPYrKsZeeOdLROJ59T6Y8yZ0iwC/60L3qhZXjapBFjbqBtMaQiMTI645K6xVXBioA6vxXq7B4aLOhYqk6Fy/Ww=="],

    "@aws-sdk/middleware-host-header": ["@aws-sdk/middleware-host-header@3.821.0", "", { "dependencies": { "@aws-sdk/types": "3.821.0", "@smithy/protocol-http": "^5.1.2", "@smithy/types": "^4.3.1", "tslib": "^2.6.2" } }, "sha512-xSMR+sopSeWGx5/4pAGhhfMvGBHioVBbqGvDs6pG64xfNwM5vq5s5v6D04e2i+uSTj4qGa71dLUs5I0UzAK3sw=="],

    "@aws-sdk/middleware-logger": ["@aws-sdk/middleware-logger@3.821.0", "", { "dependencies": { "@aws-sdk/types": "3.821.0", "@smithy/types": "^4.3.1", "tslib": "^2.6.2" } }, "sha512-0cvI0ipf2tGx7fXYEEN5fBeZDz2RnHyb9xftSgUsEq7NBxjV0yTZfLJw6Za5rjE6snC80dRN8+bTNR1tuG89zA=="],

    "@aws-sdk/middleware-recursion-detection": ["@aws-sdk/middleware-recursion-detection@3.821.0", "", { "dependencies": { "@aws-sdk/types": "3.821.0", "@smithy/protocol-http": "^5.1.2", "@smithy/types": "^4.3.1", "tslib": "^2.6.2" } }, "sha512-efmaifbhBoqKG3bAoEfDdcM8hn1psF+4qa7ykWuYmfmah59JBeqHLfz5W9m9JoTwoKPkFcVLWZxnyZzAnVBOIg=="],

    "@aws-sdk/middleware-sdk-rds": ["@aws-sdk/middleware-sdk-rds@3.826.0", "", { "dependencies": { "@aws-sdk/types": "3.821.0", "@aws-sdk/util-format-url": "3.821.0", "@smithy/middleware-endpoint": "^4.1.11", "@smithy/protocol-http": "^5.1.2", "@smithy/signature-v4": "^5.1.2", "@smithy/types": "^4.3.1", "tslib": "^2.6.2" } }, "sha512-FstsBmrZcVCjruXgJdmwtJt6K0dd1Otx/Umhb9s35UBjBIOW21diQK1yx+j7JlqWI80p50Q5abN1ROCGqZW9tA=="],

    "@aws-sdk/middleware-user-agent": ["@aws-sdk/middleware-user-agent@3.828.0", "", { "dependencies": { "@aws-sdk/core": "3.826.0", "@aws-sdk/types": "3.821.0", "@aws-sdk/util-endpoints": "3.828.0", "@smithy/core": "^3.5.3", "@smithy/protocol-http": "^5.1.2", "@smithy/types": "^4.3.1", "tslib": "^2.6.2" } }, "sha512-nixvI/SETXRdmrVab4D9LvXT3lrXkwAWGWk2GVvQvzlqN1/M/RfClj+o37Sn4FqRkGH9o9g7Fqb1YqZ4mqDAtA=="],

    "@aws-sdk/nested-clients": ["@aws-sdk/nested-clients@3.830.0", "", { "dependencies": { "@aws-crypto/sha256-browser": "5.2.0", "@aws-crypto/sha256-js": "5.2.0", "@aws-sdk/core": "3.826.0", "@aws-sdk/middleware-host-header": "3.821.0", "@aws-sdk/middleware-logger": "3.821.0", "@aws-sdk/middleware-recursion-detection": "3.821.0", "@aws-sdk/middleware-user-agent": "3.828.0", "@aws-sdk/region-config-resolver": "3.821.0", "@aws-sdk/types": "3.821.0", "@aws-sdk/util-endpoints": "3.828.0", "@aws-sdk/util-user-agent-browser": "3.821.0", "@aws-sdk/util-user-agent-node": "3.828.0", "@smithy/config-resolver": "^4.1.4", "@smithy/core": "^3.5.3", "@smithy/fetch-http-handler": "^5.0.4", "@smithy/hash-node": "^4.0.4", "@smithy/invalid-dependency": "^4.0.4", "@smithy/middleware-content-length": "^4.0.4", "@smithy/middleware-endpoint": "^4.1.11", "@smithy/middleware-retry": "^4.1.12", "@smithy/middleware-serde": "^4.0.8", "@smithy/middleware-stack": "^4.0.4", "@smithy/node-config-provider": "^4.1.3", "@smithy/node-http-handler": "^4.0.6", "@smithy/protocol-http": "^5.1.2", "@smithy/smithy-client": "^4.4.3", "@smithy/types": "^4.3.1", "@smithy/url-parser": "^4.0.4", "@smithy/util-base64": "^4.0.0", "@smithy/util-body-length-browser": "^4.0.0", "@smithy/util-body-length-node": "^4.0.0", "@smithy/util-defaults-mode-browser": "^4.0.19", "@smithy/util-defaults-mode-node": "^4.0.19", "@smithy/util-endpoints": "^3.0.6", "@smithy/util-middleware": "^4.0.4", "@smithy/util-retry": "^4.0.5", "@smithy/util-utf8": "^4.0.0", "tslib": "^2.6.2" } }, "sha512-5N5YTlBr1vtxf7+t+UaIQ625KEAmm7fY9o1e3MgGOi/paBoI0+axr3ud24qLIy0NSzFlAHEaxUSWxcERNjIoZw=="],

    "@aws-sdk/region-config-resolver": ["@aws-sdk/region-config-resolver@3.821.0", "", { "dependencies": { "@aws-sdk/types": "3.821.0", "@smithy/node-config-provider": "^4.1.3", "@smithy/types": "^4.3.1", "@smithy/util-config-provider": "^4.0.0", "@smithy/util-middleware": "^4.0.4", "tslib": "^2.6.2" } }, "sha512-t8og+lRCIIy5nlId0bScNpCkif8sc0LhmtaKsbm0ZPm3sCa/WhCbSZibjbZ28FNjVCV+p0D9RYZx0VDDbtWyjw=="],

    "@aws-sdk/token-providers": ["@aws-sdk/token-providers@3.830.0", "", { "dependencies": { "@aws-sdk/core": "3.826.0", "@aws-sdk/nested-clients": "3.830.0", "@aws-sdk/types": "3.821.0", "@smithy/property-provider": "^4.0.4", "@smithy/shared-ini-file-loader": "^4.0.4", "@smithy/types": "^4.3.1", "tslib": "^2.6.2" } }, "sha512-aJ4guFwj92nV9D+EgJPaCFKK0I3y2uMchiDfh69Zqnmwfxxxfxat6F79VA7PS0BdbjRfhLbn+Ghjftnomu2c1g=="],

    "@aws-sdk/types": ["@aws-sdk/types@3.821.0", "", { "dependencies": { "@smithy/types": "^4.3.1", "tslib": "^2.6.2" } }, "sha512-Znroqdai1a90TlxGaJ+FK1lwC0fHpo97Xjsp5UKGR5JODYm7f9+/fF17ebO1KdoBr/Rm0UIFiF5VmI8ts9F1eA=="],

    "@aws-sdk/util-endpoints": ["@aws-sdk/util-endpoints@3.828.0", "", { "dependencies": { "@aws-sdk/types": "3.821.0", "@smithy/types": "^4.3.1", "@smithy/util-endpoints": "^3.0.6", "tslib": "^2.6.2" } }, "sha512-RvKch111SblqdkPzg3oCIdlGxlQs+k+P7Etory9FmxPHyPDvsP1j1c74PmgYqtzzMWmoXTjd+c9naUHh9xG8xg=="],

    "@aws-sdk/util-format-url": ["@aws-sdk/util-format-url@3.821.0", "", { "dependencies": { "@aws-sdk/types": "3.821.0", "@smithy/querystring-builder": "^4.0.4", "@smithy/types": "^4.3.1", "tslib": "^2.6.2" } }, "sha512-h+xqmPToxDrZ0a7rxE1a8Oh4zpWfZe9oiQUphGtfiGFA6j75UiURH5J3MmGHa/G4t15I3iLLbYtUXxvb1i7evg=="],

    "@aws-sdk/util-locate-window": ["@aws-sdk/util-locate-window@3.804.0", "", { "dependencies": { "tslib": "^2.6.2" } }, "sha512-zVoRfpmBVPodYlnMjgVjfGoEZagyRF5IPn3Uo6ZvOZp24chnW/FRstH7ESDHDDRga4z3V+ElUQHKpFDXWyBW5A=="],

    "@aws-sdk/util-user-agent-browser": ["@aws-sdk/util-user-agent-browser@3.821.0", "", { "dependencies": { "@aws-sdk/types": "3.821.0", "@smithy/types": "^4.3.1", "bowser": "^2.11.0", "tslib": "^2.6.2" } }, "sha512-irWZHyM0Jr1xhC+38OuZ7JB6OXMLPZlj48thElpsO1ZSLRkLZx5+I7VV6k3sp2yZ7BYbKz/G2ojSv4wdm7XTLw=="],

    "@aws-sdk/util-user-agent-node": ["@aws-sdk/util-user-agent-node@3.828.0", "", { "dependencies": { "@aws-sdk/middleware-user-agent": "3.828.0", "@aws-sdk/types": "3.821.0", "@smithy/node-config-provider": "^4.1.3", "@smithy/types": "^4.3.1", "tslib": "^2.6.2" }, "peerDependencies": { "aws-crt": ">=1.0.0" }, "optionalPeers": ["aws-crt"] }, "sha512-LdN6fTBzTlQmc8O8f1wiZN0qF3yBWVGis7NwpWK7FUEzP9bEZRxYfIkV9oV9zpt6iNRze1SedK3JQVB/udxBoA=="],

    "@aws-sdk/xml-builder": ["@aws-sdk/xml-builder@3.821.0", "", { "dependencies": { "@smithy/types": "^4.3.1", "tslib": "^2.6.2" } }, "sha512-DIIotRnefVL6DiaHtO6/21DhJ4JZnnIwdNbpwiAhdt/AVbttcE4yw925gsjur0OGv5BTYXQXU3YnANBYnZjuQA=="],

    "@biomejs/biome": ["@biomejs/biome@2.0.0", "", { "optionalDependencies": { "@biomejs/cli-darwin-arm64": "2.0.0", "@biomejs/cli-darwin-x64": "2.0.0", "@biomejs/cli-linux-arm64": "2.0.0", "@biomejs/cli-linux-arm64-musl": "2.0.0", "@biomejs/cli-linux-x64": "2.0.0", "@biomejs/cli-linux-x64-musl": "2.0.0", "@biomejs/cli-win32-arm64": "2.0.0", "@biomejs/cli-win32-x64": "2.0.0" }, "bin": { "biome": "bin/biome" } }, "sha512-BlUoXEOI/UQTDEj/pVfnkMo8SrZw3oOWBDrXYFT43V7HTkIUDkBRY53IC5Jx1QkZbaB+0ai1wJIfYwp9+qaJTQ=="],

    "@biomejs/cli-darwin-arm64": ["@biomejs/cli-darwin-arm64@2.0.0", "", { "os": "darwin", "cpu": "arm64" }, "sha512-QvqWYtFFhhxdf8jMAdJzXW+Frc7X8XsnHQLY+TBM1fnT1TfeV/v9vsFI5L2J7GH6qN1+QEEJ19jHibCY2Ypplw=="],

    "@biomejs/cli-darwin-x64": ["@biomejs/cli-darwin-x64@2.0.0", "", { "os": "darwin", "cpu": "x64" }, "sha512-5JFhls1EfmuIH4QGFPlNpxJQFC6ic3X1ltcoLN+eSRRIPr6H/lUS1ttuD0Fj7rPgPhZqopK/jfH8UVj/1hIsQw=="],

    "@biomejs/cli-linux-arm64": ["@biomejs/cli-linux-arm64@2.0.0", "", { "os": "linux", "cpu": "arm64" }, "sha512-BAH4QVi06TzAbVchXdJPsL0Z/P87jOfes15rI+p3EX9/EGTfIjaQ9lBVlHunxcmoptaA5y1Hdb9UYojIhmnjIw=="],

    "@biomejs/cli-linux-arm64-musl": ["@biomejs/cli-linux-arm64-musl@2.0.0", "", { "os": "linux", "cpu": "arm64" }, "sha512-Bxsz8ki8+b3PytMnS5SgrGV+mbAWwIxI3ydChb/d1rURlJTMdxTTq5LTebUnlsUWAX6OvJuFeiVq9Gjn1YbCyA=="],

    "@biomejs/cli-linux-x64": ["@biomejs/cli-linux-x64@2.0.0", "", { "os": "linux", "cpu": "x64" }, "sha512-09PcOGYTtkopWRm6mZ/B6Mr6UHdkniUgIG/jLBv+2J8Z61ezRE+xQmpi3yNgUrFIAU4lPA9atg7mhvE/5Bo7Wg=="],

    "@biomejs/cli-linux-x64-musl": ["@biomejs/cli-linux-x64-musl@2.0.0", "", { "os": "linux", "cpu": "x64" }, "sha512-tiQ0ABxMJb9I6GlfNp0ulrTiQSFacJRJO8245FFwE3ty3bfsfxlU/miblzDIi+qNrgGsLq5wIZcVYGp4c+HXZA=="],

    "@biomejs/cli-win32-arm64": ["@biomejs/cli-win32-arm64@2.0.0", "", { "os": "win32", "cpu": "arm64" }, "sha512-vrTtuGu91xNTEQ5ZcMJBZuDlqr32DWU1r14UfePIGndF//s2WUAmer4FmgoPgruo76rprk37e8S2A2c0psXdxw=="],

    "@biomejs/cli-win32-x64": ["@biomejs/cli-win32-x64@2.0.0", "", { "os": "win32", "cpu": "x64" }, "sha512-2USVQ0hklNsph/KIR72ZdeptyXNnQ3JdzPn3NbjI4Sna34CnxeiYAaZcZzXPDl5PYNFBivV4xmvT3Z3rTmyDBg=="],

    "@inquirer/checkbox": ["@inquirer/checkbox@4.1.8", "", { "dependencies": { "@inquirer/core": "^10.1.13", "@inquirer/figures": "^1.0.12", "@inquirer/type": "^3.0.7", "ansi-escapes": "^4.3.2", "yoctocolors-cjs": "^2.1.2" }, "peerDependencies": { "@types/node": ">=18" }, "optionalPeers": ["@types/node"] }, "sha512-d/QAsnwuHX2OPolxvYcgSj7A9DO9H6gVOy2DvBTx+P2LH2iRTo/RSGV3iwCzW024nP9hw98KIuDmdyhZQj1UQg=="],

    "@inquirer/confirm": ["@inquirer/confirm@5.1.12", "", { "dependencies": { "@inquirer/core": "^10.1.13", "@inquirer/type": "^3.0.7" }, "peerDependencies": { "@types/node": ">=18" }, "optionalPeers": ["@types/node"] }, "sha512-dpq+ielV9/bqgXRUbNH//KsY6WEw9DrGPmipkpmgC1Y46cwuBTNx7PXFWTjc3MQ+urcc0QxoVHcMI0FW4Ok0hg=="],

    "@inquirer/core": ["@inquirer/core@10.1.13", "", { "dependencies": { "@inquirer/figures": "^1.0.12", "@inquirer/type": "^3.0.7", "ansi-escapes": "^4.3.2", "cli-width": "^4.1.0", "mute-stream": "^2.0.0", "signal-exit": "^4.1.0", "wrap-ansi": "^6.2.0", "yoctocolors-cjs": "^2.1.2" }, "peerDependencies": { "@types/node": ">=18" }, "optionalPeers": ["@types/node"] }, "sha512-1viSxebkYN2nJULlzCxES6G9/stgHSepZ9LqqfdIGPHj5OHhiBUXVS0a6R0bEC2A+VL4D9w6QB66ebCr6HGllA=="],

    "@inquirer/editor": ["@inquirer/editor@4.2.13", "", { "dependencies": { "@inquirer/core": "^10.1.13", "@inquirer/type": "^3.0.7", "external-editor": "^3.1.0" }, "peerDependencies": { "@types/node": ">=18" }, "optionalPeers": ["@types/node"] }, "sha512-WbicD9SUQt/K8O5Vyk9iC2ojq5RHoCLK6itpp2fHsWe44VxxcA9z3GTWlvjSTGmMQpZr+lbVmrxdHcumJoLbMA=="],

    "@inquirer/expand": ["@inquirer/expand@4.0.15", "", { "dependencies": { "@inquirer/core": "^10.1.13", "@inquirer/type": "^3.0.7", "yoctocolors-cjs": "^2.1.2" }, "peerDependencies": { "@types/node": ">=18" }, "optionalPeers": ["@types/node"] }, "sha512-4Y+pbr/U9Qcvf+N/goHzPEXiHH8680lM3Dr3Y9h9FFw4gHS+zVpbj8LfbKWIb/jayIB4aSO4pWiBTrBYWkvi5A=="],

    "@inquirer/figures": ["@inquirer/figures@1.0.12", "", {}, "sha512-MJttijd8rMFcKJC8NYmprWr6hD3r9Gd9qUC0XwPNwoEPWSMVJwA2MlXxF+nhZZNMY+HXsWa+o7KY2emWYIn0jQ=="],

    "@inquirer/input": ["@inquirer/input@4.1.12", "", { "dependencies": { "@inquirer/core": "^10.1.13", "@inquirer/type": "^3.0.7" }, "peerDependencies": { "@types/node": ">=18" }, "optionalPeers": ["@types/node"] }, "sha512-xJ6PFZpDjC+tC1P8ImGprgcsrzQRsUh9aH3IZixm1lAZFK49UGHxM3ltFfuInN2kPYNfyoPRh+tU4ftsjPLKqQ=="],

    "@inquirer/number": ["@inquirer/number@3.0.15", "", { "dependencies": { "@inquirer/core": "^10.1.13", "@inquirer/type": "^3.0.7" }, "peerDependencies": { "@types/node": ">=18" }, "optionalPeers": ["@types/node"] }, "sha512-xWg+iYfqdhRiM55MvqiTCleHzszpoigUpN5+t1OMcRkJrUrw7va3AzXaxvS+Ak7Gny0j2mFSTv2JJj8sMtbV2g=="],

    "@inquirer/password": ["@inquirer/password@4.0.15", "", { "dependencies": { "@inquirer/core": "^10.1.13", "@inquirer/type": "^3.0.7", "ansi-escapes": "^4.3.2" }, "peerDependencies": { "@types/node": ">=18" }, "optionalPeers": ["@types/node"] }, "sha512-75CT2p43DGEnfGTaqFpbDC2p2EEMrq0S+IRrf9iJvYreMy5mAWj087+mdKyLHapUEPLjN10mNvABpGbk8Wdraw=="],

    "@inquirer/prompts": ["@inquirer/prompts@7.5.3", "", { "dependencies": { "@inquirer/checkbox": "^4.1.8", "@inquirer/confirm": "^5.1.12", "@inquirer/editor": "^4.2.13", "@inquirer/expand": "^4.0.15", "@inquirer/input": "^4.1.12", "@inquirer/number": "^3.0.15", "@inquirer/password": "^4.0.15", "@inquirer/rawlist": "^4.1.3", "@inquirer/search": "^3.0.15", "@inquirer/select": "^4.2.3" }, "peerDependencies": { "@types/node": ">=18" }, "optionalPeers": ["@types/node"] }, "sha512-8YL0WiV7J86hVAxrh3fE5mDCzcTDe1670unmJRz6ArDgN+DBK1a0+rbnNWp4DUB5rPMwqD5ZP6YHl9KK1mbZRg=="],

    "@inquirer/rawlist": ["@inquirer/rawlist@4.1.3", "", { "dependencies": { "@inquirer/core": "^10.1.13", "@inquirer/type": "^3.0.7", "yoctocolors-cjs": "^2.1.2" }, "peerDependencies": { "@types/node": ">=18" }, "optionalPeers": ["@types/node"] }, "sha512-7XrV//6kwYumNDSsvJIPeAqa8+p7GJh7H5kRuxirct2cgOcSWwwNGoXDRgpNFbY/MG2vQ4ccIWCi8+IXXyFMZA=="],

    "@inquirer/search": ["@inquirer/search@3.0.15", "", { "dependencies": { "@inquirer/core": "^10.1.13", "@inquirer/figures": "^1.0.12", "@inquirer/type": "^3.0.7", "yoctocolors-cjs": "^2.1.2" }, "peerDependencies": { "@types/node": ">=18" }, "optionalPeers": ["@types/node"] }, "sha512-YBMwPxYBrADqyvP4nNItpwkBnGGglAvCLVW8u4pRmmvOsHUtCAUIMbUrLX5B3tFL1/WsLGdQ2HNzkqswMs5Uaw=="],

    "@inquirer/select": ["@inquirer/select@4.2.3", "", { "dependencies": { "@inquirer/core": "^10.1.13", "@inquirer/figures": "^1.0.12", "@inquirer/type": "^3.0.7", "ansi-escapes": "^4.3.2", "yoctocolors-cjs": "^2.1.2" }, "peerDependencies": { "@types/node": ">=18" }, "optionalPeers": ["@types/node"] }, "sha512-OAGhXU0Cvh0PhLz9xTF/kx6g6x+sP+PcyTiLvCrewI99P3BBeexD+VbuwkNDvqGkk3y2h5ZiWLeRP7BFlhkUDg=="],

    "@inquirer/type": ["@inquirer/type@3.0.7", "", { "peerDependencies": { "@types/node": ">=18" }, "optionalPeers": ["@types/node"] }, "sha512-PfunHQcjwnju84L+ycmcMKB/pTPIngjUJvfnRhKY6FKPuYXlM4aQCb/nIdTFR6BEhMjFvngzvng/vBAJMZpLSA=="],

    "@smithy/abort-controller": ["@smithy/abort-controller@4.0.4", "", { "dependencies": { "@smithy/types": "^4.3.1", "tslib": "^2.6.2" } }, "sha512-gJnEjZMvigPDQWHrW3oPrFhQtkrgqBkyjj3pCIdF3A5M6vsZODG93KNlfJprv6bp4245bdT32fsHK4kkH3KYDA=="],

    "@smithy/config-resolver": ["@smithy/config-resolver@4.1.4", "", { "dependencies": { "@smithy/node-config-provider": "^4.1.3", "@smithy/types": "^4.3.1", "@smithy/util-config-provider": "^4.0.0", "@smithy/util-middleware": "^4.0.4", "tslib": "^2.6.2" } }, "sha512-prmU+rDddxHOH0oNcwemL+SwnzcG65sBF2yXRO7aeXIn/xTlq2pX7JLVbkBnVLowHLg4/OL4+jBmv9hVrVGS+w=="],

    "@smithy/core": ["@smithy/core@3.5.3", "", { "dependencies": { "@smithy/middleware-serde": "^4.0.8", "@smithy/protocol-http": "^5.1.2", "@smithy/types": "^4.3.1", "@smithy/util-base64": "^4.0.0", "@smithy/util-body-length-browser": "^4.0.0", "@smithy/util-middleware": "^4.0.4", "@smithy/util-stream": "^4.2.2", "@smithy/util-utf8": "^4.0.0", "tslib": "^2.6.2" } }, "sha512-xa5byV9fEguZNofCclv6v9ra0FYh5FATQW/da7FQUVTic94DfrN/NvmKZjrMyzbpqfot9ZjBaO8U1UeTbmSLuA=="],

    "@smithy/credential-provider-imds": ["@smithy/credential-provider-imds@4.0.6", "", { "dependencies": { "@smithy/node-config-provider": "^4.1.3", "@smithy/property-provider": "^4.0.4", "@smithy/types": "^4.3.1", "@smithy/url-parser": "^4.0.4", "tslib": "^2.6.2" } }, "sha512-hKMWcANhUiNbCJouYkZ9V3+/Qf9pteR1dnwgdyzR09R4ODEYx8BbUysHwRSyex4rZ9zapddZhLFTnT4ZijR4pw=="],

    "@smithy/fetch-http-handler": ["@smithy/fetch-http-handler@5.0.4", "", { "dependencies": { "@smithy/protocol-http": "^5.1.2", "@smithy/querystring-builder": "^4.0.4", "@smithy/types": "^4.3.1", "@smithy/util-base64": "^4.0.0", "tslib": "^2.6.2" } }, "sha512-AMtBR5pHppYMVD7z7G+OlHHAcgAN7v0kVKEpHuTO4Gb199Gowh0taYi9oDStFeUhetkeP55JLSVlTW1n9rFtUw=="],

    "@smithy/hash-node": ["@smithy/hash-node@4.0.4", "", { "dependencies": { "@smithy/types": "^4.3.1", "@smithy/util-buffer-from": "^4.0.0", "@smithy/util-utf8": "^4.0.0", "tslib": "^2.6.2" } }, "sha512-qnbTPUhCVnCgBp4z4BUJUhOEkVwxiEi1cyFM+Zj6o+aY8OFGxUQleKWq8ltgp3dujuhXojIvJWdoqpm6dVO3lQ=="],

    "@smithy/invalid-dependency": ["@smithy/invalid-dependency@4.0.4", "", { "dependencies": { "@smithy/types": "^4.3.1", "tslib": "^2.6.2" } }, "sha512-bNYMi7WKTJHu0gn26wg8OscncTt1t2b8KcsZxvOv56XA6cyXtOAAAaNP7+m45xfppXfOatXF3Sb1MNsLUgVLTw=="],

    "@smithy/is-array-buffer": ["@smithy/is-array-buffer@4.0.0", "", { "dependencies": { "tslib": "^2.6.2" } }, "sha512-saYhF8ZZNoJDTvJBEWgeBccCg+yvp1CX+ed12yORU3NilJScfc6gfch2oVb4QgxZrGUx3/ZJlb+c/dJbyupxlw=="],

    "@smithy/middleware-content-length": ["@smithy/middleware-content-length@4.0.4", "", { "dependencies": { "@smithy/protocol-http": "^5.1.2", "@smithy/types": "^4.3.1", "tslib": "^2.6.2" } }, "sha512-F7gDyfI2BB1Kc+4M6rpuOLne5LOcEknH1n6UQB69qv+HucXBR1rkzXBnQTB2q46sFy1PM/zuSJOB532yc8bg3w=="],

    "@smithy/middleware-endpoint": ["@smithy/middleware-endpoint@4.1.11", "", { "dependencies": { "@smithy/core": "^3.5.3", "@smithy/middleware-serde": "^4.0.8", "@smithy/node-config-provider": "^4.1.3", "@smithy/shared-ini-file-loader": "^4.0.4", "@smithy/types": "^4.3.1", "@smithy/url-parser": "^4.0.4", "@smithy/util-middleware": "^4.0.4", "tslib": "^2.6.2" } }, "sha512-zDogwtRLzKl58lVS8wPcARevFZNBOOqnmzWWxVe9XiaXU2CADFjvJ9XfNibgkOWs08sxLuSr81NrpY4mgp9OwQ=="],

    "@smithy/middleware-retry": ["@smithy/middleware-retry@4.1.12", "", { "dependencies": { "@smithy/node-config-provider": "^4.1.3", "@smithy/protocol-http": "^5.1.2", "@smithy/service-error-classification": "^4.0.5", "@smithy/smithy-client": "^4.4.3", "@smithy/types": "^4.3.1", "@smithy/util-middleware": "^4.0.4", "@smithy/util-retry": "^4.0.5", "tslib": "^2.6.2", "uuid": "^9.0.1" } }, "sha512-wvIH70c4e91NtRxdaLZF+mbLZ/HcC6yg7ySKUiufL6ESp6zJUSnJucZ309AvG9nqCFHSRB5I6T3Ez1Q9wCh0Ww=="],

    "@smithy/middleware-serde": ["@smithy/middleware-serde@4.0.8", "", { "dependencies": { "@smithy/protocol-http": "^5.1.2", "@smithy/types": "^4.3.1", "tslib": "^2.6.2" } }, "sha512-iSSl7HJoJaGyMIoNn2B7czghOVwJ9nD7TMvLhMWeSB5vt0TnEYyRRqPJu/TqW76WScaNvYYB8nRoiBHR9S1Ddw=="],

    "@smithy/middleware-stack": ["@smithy/middleware-stack@4.0.4", "", { "dependencies": { "@smithy/types": "^4.3.1", "tslib": "^2.6.2" } }, "sha512-kagK5ggDrBUCCzI93ft6DjteNSfY8Ulr83UtySog/h09lTIOAJ/xUSObutanlPT0nhoHAkpmW9V5K8oPyLh+QA=="],

    "@smithy/node-config-provider": ["@smithy/node-config-provider@4.1.3", "", { "dependencies": { "@smithy/property-provider": "^4.0.4", "@smithy/shared-ini-file-loader": "^4.0.4", "@smithy/types": "^4.3.1", "tslib": "^2.6.2" } }, "sha512-HGHQr2s59qaU1lrVH6MbLlmOBxadtzTsoO4c+bF5asdgVik3I8o7JIOzoeqWc5MjVa+vD36/LWE0iXKpNqooRw=="],

    "@smithy/node-http-handler": ["@smithy/node-http-handler@4.0.6", "", { "dependencies": { "@smithy/abort-controller": "^4.0.4", "@smithy/protocol-http": "^5.1.2", "@smithy/querystring-builder": "^4.0.4", "@smithy/types": "^4.3.1", "tslib": "^2.6.2" } }, "sha512-NqbmSz7AW2rvw4kXhKGrYTiJVDHnMsFnX4i+/FzcZAfbOBauPYs2ekuECkSbtqaxETLLTu9Rl/ex6+I2BKErPA=="],

    "@smithy/property-provider": ["@smithy/property-provider@4.0.4", "", { "dependencies": { "@smithy/types": "^4.3.1", "tslib": "^2.6.2" } }, "sha512-qHJ2sSgu4FqF4U/5UUp4DhXNmdTrgmoAai6oQiM+c5RZ/sbDwJ12qxB1M6FnP+Tn/ggkPZf9ccn4jqKSINaquw=="],

    "@smithy/protocol-http": ["@smithy/protocol-http@5.1.2", "", { "dependencies": { "@smithy/types": "^4.3.1", "tslib": "^2.6.2" } }, "sha512-rOG5cNLBXovxIrICSBm95dLqzfvxjEmuZx4KK3hWwPFHGdW3lxY0fZNXfv2zebfRO7sJZ5pKJYHScsqopeIWtQ=="],

    "@smithy/querystring-builder": ["@smithy/querystring-builder@4.0.4", "", { "dependencies": { "@smithy/types": "^4.3.1", "@smithy/util-uri-escape": "^4.0.0", "tslib": "^2.6.2" } }, "sha512-SwREZcDnEYoh9tLNgMbpop+UTGq44Hl9tdj3rf+yeLcfH7+J8OXEBaMc2kDxtyRHu8BhSg9ADEx0gFHvpJgU8w=="],

    "@smithy/querystring-parser": ["@smithy/querystring-parser@4.0.4", "", { "dependencies": { "@smithy/types": "^4.3.1", "tslib": "^2.6.2" } }, "sha512-6yZf53i/qB8gRHH/l2ZwUG5xgkPgQF15/KxH0DdXMDHjesA9MeZje/853ifkSY0x4m5S+dfDZ+c4x439PF0M2w=="],

    "@smithy/service-error-classification": ["@smithy/service-error-classification@4.0.5", "", { "dependencies": { "@smithy/types": "^4.3.1" } }, "sha512-LvcfhrnCBvCmTee81pRlh1F39yTS/+kYleVeLCwNtkY8wtGg8V/ca9rbZZvYIl8OjlMtL6KIjaiL/lgVqHD2nA=="],

    "@smithy/shared-ini-file-loader": ["@smithy/shared-ini-file-loader@4.0.4", "", { "dependencies": { "@smithy/types": "^4.3.1", "tslib": "^2.6.2" } }, "sha512-63X0260LoFBjrHifPDs+nM9tV0VMkOTl4JRMYNuKh/f5PauSjowTfvF3LogfkWdcPoxsA9UjqEOgjeYIbhb7Nw=="],

    "@smithy/signature-v4": ["@smithy/signature-v4@5.1.2", "", { "dependencies": { "@smithy/is-array-buffer": "^4.0.0", "@smithy/protocol-http": "^5.1.2", "@smithy/types": "^4.3.1", "@smithy/util-hex-encoding": "^4.0.0", "@smithy/util-middleware": "^4.0.4", "@smithy/util-uri-escape": "^4.0.0", "@smithy/util-utf8": "^4.0.0", "tslib": "^2.6.2" } }, "sha512-d3+U/VpX7a60seHziWnVZOHuEgJlclufjkS6zhXvxcJgkJq4UWdH5eOBLzHRMx6gXjsdT9h6lfpmLzbrdupHgQ=="],

    "@smithy/smithy-client": ["@smithy/smithy-client@4.4.3", "", { "dependencies": { "@smithy/core": "^3.5.3", "@smithy/middleware-endpoint": "^4.1.11", "@smithy/middleware-stack": "^4.0.4", "@smithy/protocol-http": "^5.1.2", "@smithy/types": "^4.3.1", "@smithy/util-stream": "^4.2.2", "tslib": "^2.6.2" } }, "sha512-xxzNYgA0HD6ETCe5QJubsxP0hQH3QK3kbpJz3QrosBCuIWyEXLR/CO5hFb2OeawEKUxMNhz3a1nuJNN2np2RMA=="],

    "@smithy/types": ["@smithy/types@4.3.1", "", { "dependencies": { "tslib": "^2.6.2" } }, "sha512-UqKOQBL2x6+HWl3P+3QqFD4ncKq0I8Nuz9QItGv5WuKuMHuuwlhvqcZCoXGfc+P1QmfJE7VieykoYYmrOoFJxA=="],

    "@smithy/url-parser": ["@smithy/url-parser@4.0.4", "", { "dependencies": { "@smithy/querystring-parser": "^4.0.4", "@smithy/types": "^4.3.1", "tslib": "^2.6.2" } }, "sha512-eMkc144MuN7B0TDA4U2fKs+BqczVbk3W+qIvcoCY6D1JY3hnAdCuhCZODC+GAeaxj0p6Jroz4+XMUn3PCxQQeQ=="],

    "@smithy/util-base64": ["@smithy/util-base64@4.0.0", "", { "dependencies": { "@smithy/util-buffer-from": "^4.0.0", "@smithy/util-utf8": "^4.0.0", "tslib": "^2.6.2" } }, "sha512-CvHfCmO2mchox9kjrtzoHkWHxjHZzaFojLc8quxXY7WAAMAg43nuxwv95tATVgQFNDwd4M9S1qFzj40Ul41Kmg=="],

    "@smithy/util-body-length-browser": ["@smithy/util-body-length-browser@4.0.0", "", { "dependencies": { "tslib": "^2.6.2" } }, "sha512-sNi3DL0/k64/LO3A256M+m3CDdG6V7WKWHdAiBBMUN8S3hK3aMPhwnPik2A/a2ONN+9doY9UxaLfgqsIRg69QA=="],

    "@smithy/util-body-length-node": ["@smithy/util-body-length-node@4.0.0", "", { "dependencies": { "tslib": "^2.6.2" } }, "sha512-q0iDP3VsZzqJyje8xJWEJCNIu3lktUGVoSy1KB0UWym2CL1siV3artm+u1DFYTLejpsrdGyCSWBdGNjJzfDPjg=="],

    "@smithy/util-buffer-from": ["@smithy/util-buffer-from@4.0.0", "", { "dependencies": { "@smithy/is-array-buffer": "^4.0.0", "tslib": "^2.6.2" } }, "sha512-9TOQ7781sZvddgO8nxueKi3+yGvkY35kotA0Y6BWRajAv8jjmigQ1sBwz0UX47pQMYXJPahSKEKYFgt+rXdcug=="],

    "@smithy/util-config-provider": ["@smithy/util-config-provider@4.0.0", "", { "dependencies": { "tslib": "^2.6.2" } }, "sha512-L1RBVzLyfE8OXH+1hsJ8p+acNUSirQnWQ6/EgpchV88G6zGBTDPdXiiExei6Z1wR2RxYvxY/XLw6AMNCCt8H3w=="],

    "@smithy/util-defaults-mode-browser": ["@smithy/util-defaults-mode-browser@4.0.19", "", { "dependencies": { "@smithy/property-provider": "^4.0.4", "@smithy/smithy-client": "^4.4.3", "@smithy/types": "^4.3.1", "bowser": "^2.11.0", "tslib": "^2.6.2" } }, "sha512-mvLMh87xSmQrV5XqnUYEPoiFFeEGYeAKIDDKdhE2ahqitm8OHM3aSvhqL6rrK6wm1brIk90JhxDf5lf2hbrLbQ=="],

    "@smithy/util-defaults-mode-node": ["@smithy/util-defaults-mode-node@4.0.19", "", { "dependencies": { "@smithy/config-resolver": "^4.1.4", "@smithy/credential-provider-imds": "^4.0.6", "@smithy/node-config-provider": "^4.1.3", "@smithy/property-provider": "^4.0.4", "@smithy/smithy-client": "^4.4.3", "@smithy/types": "^4.3.1", "tslib": "^2.6.2" } }, "sha512-8tYnx+LUfj6m+zkUUIrIQJxPM1xVxfRBvoGHua7R/i6qAxOMjqR6CpEpDwKoIs1o0+hOjGvkKE23CafKL0vJ9w=="],

    "@smithy/util-endpoints": ["@smithy/util-endpoints@3.0.6", "", { "dependencies": { "@smithy/node-config-provider": "^4.1.3", "@smithy/types": "^4.3.1", "tslib": "^2.6.2" } }, "sha512-YARl3tFL3WgPuLzljRUnrS2ngLiUtkwhQtj8PAL13XZSyUiNLQxwG3fBBq3QXFqGFUXepIN73pINp3y8c2nBmA=="],

    "@smithy/util-hex-encoding": ["@smithy/util-hex-encoding@4.0.0", "", { "dependencies": { "tslib": "^2.6.2" } }, "sha512-Yk5mLhHtfIgW2W2WQZWSg5kuMZCVbvhFmC7rV4IO2QqnZdbEFPmQnCcGMAX2z/8Qj3B9hYYNjZOhWym+RwhePw=="],

    "@smithy/util-middleware": ["@smithy/util-middleware@4.0.4", "", { "dependencies": { "@smithy/types": "^4.3.1", "tslib": "^2.6.2" } }, "sha512-9MLKmkBmf4PRb0ONJikCbCwORACcil6gUWojwARCClT7RmLzF04hUR4WdRprIXal7XVyrddadYNfp2eF3nrvtQ=="],

    "@smithy/util-retry": ["@smithy/util-retry@4.0.5", "", { "dependencies": { "@smithy/service-error-classification": "^4.0.5", "@smithy/types": "^4.3.1", "tslib": "^2.6.2" } }, "sha512-V7MSjVDTlEt/plmOFBn1762Dyu5uqMrV2Pl2X0dYk4XvWfdWJNe9Bs5Bzb56wkCuiWjSfClVMGcsuKrGj7S/yg=="],

    "@smithy/util-stream": ["@smithy/util-stream@4.2.2", "", { "dependencies": { "@smithy/fetch-http-handler": "^5.0.4", "@smithy/node-http-handler": "^4.0.6", "@smithy/types": "^4.3.1", "@smithy/util-base64": "^4.0.0", "@smithy/util-buffer-from": "^4.0.0", "@smithy/util-hex-encoding": "^4.0.0", "@smithy/util-utf8": "^4.0.0", "tslib": "^2.6.2" } }, "sha512-aI+GLi7MJoVxg24/3J1ipwLoYzgkB4kUfogZfnslcYlynj3xsQ0e7vk4TnTro9hhsS5PvX1mwmkRqqHQjwcU7w=="],

    "@smithy/util-uri-escape": ["@smithy/util-uri-escape@4.0.0", "", { "dependencies": { "tslib": "^2.6.2" } }, "sha512-77yfbCbQMtgtTylO9itEAdpPXSog3ZxMe09AEhm0dU0NLTalV70ghDZFR+Nfi1C60jnJoh/Re4090/DuZh2Omg=="],

    "@smithy/util-utf8": ["@smithy/util-utf8@4.0.0", "", { "dependencies": { "@smithy/util-buffer-from": "^4.0.0", "tslib": "^2.6.2" } }, "sha512-b+zebfKCfRdgNJDknHCob3O7FpeYQN6ZG6YLExMcasDHsCXlsXCEuiPZeLnJLpwa5dvPetGlnGCiMHuLwGvFow=="],

    "@smithy/util-waiter": ["@smithy/util-waiter@4.0.5", "", { "dependencies": { "@smithy/abort-controller": "^4.0.4", "@smithy/types": "^4.3.1", "tslib": "^2.6.2" } }, "sha512-4QvC49HTteI1gfemu0I1syWovJgPvGn7CVUoN9ZFkdvr/cCFkrEL7qNCdx/2eICqDWEGnnr68oMdSIPCLAriSQ=="],

    "@types/bun": ["@types/bun@1.2.16", "", { "dependencies": { "bun-types": "1.2.16" } }, "sha512-1aCZJ/6nSiViw339RsaNhkNoEloLaPzZhxMOYEa7OzRzO41IGg5n/7I43/ZIAW/c+Q6cT12Vf7fOZOoVIzb5BQ=="],

    "@types/inquirer": ["@types/inquirer@9.0.8", "", { "dependencies": { "@types/through": "*", "rxjs": "^7.2.0" } }, "sha512-CgPD5kFGWsb8HJ5K7rfWlifao87m4ph8uioU7OTncJevmE/VLIqAAjfQtko578JZg7/f69K4FgqYym3gNr7DeA=="],

    "@types/node": ["@types/node@24.0.3", "", { "dependencies": { "undici-types": "~7.8.0" } }, "sha512-R4I/kzCYAdRLzfiCabn9hxWfbuHS573x+r0dJMkkzThEa7pbrcDWK+9zu3e7aBOouf+rQAciqPFMnxwr0aWgKg=="],

    "@types/through": ["@types/through@0.0.33", "", { "dependencies": { "@types/node": "*" } }, "sha512-HsJ+z3QuETzP3cswwtzt2vEIiHBk/dCcHGhbmG5X3ecnwFD/lPrMpliGXxSCg03L9AhrdwA4Oz/qfspkDW+xGQ=="],

    "@types/uuid": ["@types/uuid@9.0.8", "", {}, "sha512-jg+97EGIcY9AGHJJRaaPVgetKDsrTgbRjQ5Msgjh/DQKEFl0DtyRr/VCOyD1T2R1MNeWPK/u7JoGhlDZnKBAfA=="],

    "ansi-escapes": ["ansi-escapes@4.3.2", "", { "dependencies": { "type-fest": "^0.21.3" } }, "sha512-gKXj5ALrKWQLsYG9jlTRmR/xKluxHV+Z9QEwNIgCfM1/uwPMCuzVVnh5mwTd+OuBZcwSIMbqssNWRm1lE51QaQ=="],

    "ansi-regex": ["ansi-regex@5.0.1", "", {}, "sha512-quJQXlTSUGL2LH9SUXo8VwsY4soanhgo6LNSm84E1LBcE8s3O0wpdiRzyR9z/ZZJMlMWv37qOOb9pdJlMUEKFQ=="],

    "ansi-styles": ["ansi-styles@4.3.0", "", { "dependencies": { "color-convert": "^2.0.1" } }, "sha512-zbB9rCJAT1rbjiVDb2hqKFHNYLxgtk8NURxZ3IZwD3F6NtxbXZQCnnSi1Lkx+IDohdPlFp222wVALIheZJQSEg=="],

    "bowser": ["bowser@2.11.0", "", {}, "sha512-AlcaJBi/pqqJBIQ8U9Mcpc9i8Aqxn88Skv5d+xBX006BY5u8N3mGLHa5Lgppa7L/HfwgwLgZ6NYs+Ag6uUmJRA=="],

    "bun-types": ["bun-types@1.2.16", "", { "dependencies": { "@types/node": "*" } }, "sha512-ciXLrHV4PXax9vHvUrkvun9VPVGOVwbbbBF/Ev1cXz12lyEZMoJpIJABOfPcN9gDJRaiKF9MVbSygLg4NXu3/A=="],

    "chalk": ["chalk@5.4.1", "", {}, "sha512-zgVZuo2WcZgfUEmsn6eO3kINexW8RAE4maiQ8QNs8CtpPCSyMiYsULR3HQYkm3w8FIA3SberyMJMSldGsW+U3w=="],

    "chardet": ["chardet@0.7.0", "", {}, "sha512-mT8iDcrh03qDGRRmoA2hmBJnxpllMR+0/0qlzjqZES6NdiWDcZkCNAk4rPFZ9Q85r27unkiNNg8ZOiwZXBHwcA=="],

    "cli-width": ["cli-width@4.1.0", "", {}, "sha512-ouuZd4/dm2Sw5Gmqy6bGyNNNe1qt9RpmxveLSO7KcgsTnU7RXfsw+/bukWGo1abgBiMAic068rclZsO4IWmmxQ=="],

    "color-convert": ["color-convert@2.0.1", "", { "dependencies": { "color-name": "~1.1.4" } }, "sha512-RRECPsj7iu/xb5oKYcsFHSppFNnsj/52OVTRKb4zP5onXwVF3zVmmToNcOfGC+CRDpfK/U584fMg38ZHCaElKQ=="],

    "color-name": ["color-name@1.1.4", "", {}, "sha512-dOy+3AuW3a2wNbZHIuMZpTcgjGuLU/uBL/ubcZF9OXbDo8ff4O8yVp5Bf0efS8uEoYo5q4Fx7dY9OgQGXgAsQA=="],

    "commander": ["commander@14.0.0", "", {}, "sha512-2uM9rYjPvyq39NwLRqaiLtWHyDC1FvryJDa2ATTVims5YAS4PupsEQsDvP14FqhFr0P49CYDugi59xaxJlTXRA=="],

    "emoji-regex": ["emoji-regex@8.0.0", "", {}, "sha512-MSjYzcWNOA0ewAHpz0MxpYFvwg6yjy1NG3xteoqz644VCo/RPgnr1/GGt+ic3iJTzQ8Eu3TdM14SawnVUmGE6A=="],

    "external-editor": ["external-editor@3.1.0", "", { "dependencies": { "chardet": "^0.7.0", "iconv-lite": "^0.4.24", "tmp": "^0.0.33" } }, "sha512-hMQ4CX1p1izmuLYyZqLMO/qGNw10wSv9QDCPfzXfyFrOaCSSoRfqE1Kf1s5an66J5JZC62NewG+mK49jOCtQew=="],

    "fast-xml-parser": ["fast-xml-parser@4.4.1", "", { "dependencies": { "strnum": "^1.0.5" }, "bin": { "fxparser": "src/cli/cli.js" } }, "sha512-xkjOecfnKGkSsOwtZ5Pz7Us/T6mrbPQrq0nh+aCO5V9nk5NLWmasAHumTKjiPJPWANe+kAZ84Jc8ooJkzZ88Sw=="],

    "iconv-lite": ["iconv-lite@0.4.24", "", { "dependencies": { "safer-buffer": ">= 2.1.2 < 3" } }, "sha512-v3MXnZAcvnywkTUEZomIActle7RXXeedOR31wwl7VlyoXO4Qi9arvSenNQWne1TcRwhCL1HwLI21bEqdpj8/rA=="],

    "inquirer": ["inquirer@12.6.3", "", { "dependencies": { "@inquirer/core": "^10.1.13", "@inquirer/prompts": "^7.5.3", "@inquirer/type": "^3.0.7", "ansi-escapes": "^4.3.2", "mute-stream": "^2.0.0", "run-async": "^3.0.0", "rxjs": "^7.8.2" }, "peerDependencies": { "@types/node": ">=18" }, "optionalPeers": ["@types/node"] }, "sha512-eX9beYAjr1MqYsIjx1vAheXsRk1jbZRvHLcBu5nA9wX0rXR1IfCZLnVLp4Ym4mrhqmh7AuANwcdtgQ291fZDfQ=="],

    "is-fullwidth-code-point": ["is-fullwidth-code-point@3.0.0", "", {}, "sha512-zymm5+u+sCsSWyD9qNaejV3DFvhCKclKdizYaJUuHA83RLjb7nSuGnddCHGv0hk+KY7BMAlsWeK4Ueg6EV6XQg=="],

    "mute-stream": ["mute-stream@2.0.0", "", {}, "sha512-WWdIxpyjEn+FhQJQQv9aQAYlHoNVdzIzUySNV1gHUPDSdZJ3yZn7pAAbQcV7B56Mvu881q9FZV+0Vx2xC44VWA=="],

    "os-tmpdir": ["os-tmpdir@1.0.2", "", {}, "sha512-D2FR03Vir7FIu45XBY20mTb+/ZSWB00sjU9jdQXt83gDrI4Ztz5Fs7/yy74g2N5SVQY4xY1qDr4rNddwYRVX0g=="],

    "run-async": ["run-async@3.0.0", "", {}, "sha512-540WwVDOMxA6dN6We19EcT9sc3hkXPw5mzRNGM3FkdN/vtE9NFvj5lFAPNwUDmJjXidm3v7TC1cTE7t17Ulm1Q=="],

    "rxjs": ["rxjs@7.8.2", "", { "dependencies": { "tslib": "^2.1.0" } }, "sha512-dhKf903U/PQZY6boNNtAGdWbG85WAbjT/1xYoZIC7FAY0yWapOBQVsVrDl58W86//e1VpMNBtRV4MaXfdMySFA=="],

    "safer-buffer": ["safer-buffer@2.1.2", "", {}, "sha512-YZo3K82SD7Riyi0E1EQPojLz7kpepnSQI9IyPbHHg1XXXevb5dJI7tpyN2ADxGcQbHG7vcyRHk0cbwqcQriUtg=="],

    "signal-exit": ["signal-exit@4.1.0", "", {}, "sha512-bzyZ1e88w9O1iNJbKnOlvYTrWPDl46O1bG0D3XInv+9tkPrxrN8jUUTiFlDkkmKWgn1M6CfIA13SuGqOa9Korw=="],

    "string-width": ["string-width@4.2.3", "", { "dependencies": { "emoji-regex": "^8.0.0", "is-fullwidth-code-point": "^3.0.0", "strip-ansi": "^6.0.1" } }, "sha512-wKyQRQpjJ0sIp62ErSZdGsjMJWsap5oRNihHhu6G7JVO/9jIB6UyevL+tXuOqrng8j/cxKTWyWUwvSTriiZz/g=="],

    "strip-ansi": ["strip-ansi@6.0.1", "", { "dependencies": { "ansi-regex": "^5.0.1" } }, "sha512-Y38VPSHcqkFrCpFnQ9vuSXmquuv5oXOKpGeT6aGrr3o3Gc9AlVa6JBfUSOCnbxGGZF+/0ooI7KrPuUSztUdU5A=="],

    "strnum": ["strnum@1.1.2", "", {}, "sha512-vrN+B7DBIoTTZjnPNewwhx6cBA/H+IS7rfW68n7XxC1y7uoiGQBxaKzqucGUgavX15dJgiGztLJ8vxuEzwqBdA=="],

    "tmp": ["tmp@0.0.33", "", { "dependencies": { "os-tmpdir": "~1.0.2" } }, "sha512-jRCJlojKnZ3addtTOjdIqoRuPEKBvNXcGYqzO6zWZX8KfKEpnGY5jfggJQ3EjKuu8D4bJRr0y+cYJFmYbImXGw=="],

    "tslib": ["tslib@2.8.1", "", {}, "sha512-oJFu94HQb+KVduSUQL7wnpmqnfmLsOA/nAh6b6EH0wCEoK0/mPeXU6c3wKDV83MkOuHPRHtSXKKU99IBazS/2w=="],

    "type-fest": ["type-fest@0.21.3", "", {}, "sha512-t0rzBq87m3fVcduHDUFhKmyyX+9eo6WQjZvf51Ea/M0Q7+T374Jp1aUiyUl0GKxp8M/OETVHSDvmkyPgvX+X2w=="],

    "typescript": ["typescript@5.8.3", "", { "bin": { "tsc": "bin/tsc", "tsserver": "bin/tsserver" } }, "sha512-p1diW6TqL9L07nNxvRMM7hMMw4c5XOo/1ibL4aAIGmSAt9slTE1Xgw5KWuof2uTOvCg9BY7ZRi+GaF+7sfgPeQ=="],

    "undici-types": ["undici-types@7.8.0", "", {}, "sha512-9UJ2xGDvQ43tYyVMpuHlsgApydB8ZKfVYTsLDhXkFL/6gfkp+U8xTGdh8pMJv1SpZna0zxG1DwsKZsreLbXBxw=="],

    "uuid": ["uuid@9.0.1", "", { "bin": { "uuid": "dist/bin/uuid" } }, "sha512-b+1eJOlsR9K8HJpow9Ok3fiWOWSIcIzXodvv0rQjVoOVNpWMpxf1wZNpt4y9h10odCNrqnYp1OBzRktckBe3sA=="],

    "wrap-ansi": ["wrap-ansi@6.2.0", "", { "dependencies": { "ansi-styles": "^4.0.0", "string-width": "^4.1.0", "strip-ansi": "^6.0.0" } }, "sha512-r6lPcBGxZXlIcymEu7InxDMhdW0KDxpLgoFLcguasxCaJ/SOIZwINatK9KY/tf+ZrlywOKU0UDj3ATXUBfxJXA=="],

    "yoctocolors-cjs": ["yoctocolors-cjs@2.1.2", "", {}, "sha512-cYVsTjKl8b+FrnidjibDWskAv7UKOfcwaVZdp/it9n1s9fU3IkgDbhdIRKCW4JDsAlECJY0ytoVPT3sK6kideA=="],

    "@aws-crypto/sha256-browser/@smithy/util-utf8": ["@smithy/util-utf8@2.3.0", "", { "dependencies": { "@smithy/util-buffer-from": "^2.2.0", "tslib": "^2.6.2" } }, "sha512-R8Rdn8Hy72KKcebgLiv8jQcQkXoLMOGGv5uI1/k0l+snqkOzQ1R0ChUBCxWMlBsFMekWjq0wRudIweFs7sKT5A=="],

    "@aws-crypto/util/@smithy/util-utf8": ["@smithy/util-utf8@2.3.0", "", { "dependencies": { "@smithy/util-buffer-from": "^2.2.0", "tslib": "^2.6.2" } }, "sha512-R8Rdn8Hy72KKcebgLiv8jQcQkXoLMOGGv5uI1/k0l+snqkOzQ1R0ChUBCxWMlBsFMekWjq0wRudIweFs7sKT5A=="],

    "@aws-crypto/sha256-browser/@smithy/util-utf8/@smithy/util-buffer-from": ["@smithy/util-buffer-from@2.2.0", "", { "dependencies": { "@smithy/is-array-buffer": "^2.2.0", "tslib": "^2.6.2" } }, "sha512-IJdWBbTcMQ6DA0gdNhh/BwrLkDR+ADW5Kr1aZmd4k3DIF6ezMV4R2NIAmT08wQJ3yUK82thHWmC/TnK/wpMMIA=="],

    "@aws-crypto/util/@smithy/util-utf8/@smithy/util-buffer-from": ["@smithy/util-buffer-from@2.2.0", "", { "dependencies": { "@smithy/is-array-buffer": "^2.2.0", "tslib": "^2.6.2" } }, "sha512-IJdWBbTcMQ6DA0gdNhh/BwrLkDR+ADW5Kr1aZmd4k3DIF6ezMV4R2NIAmT08wQJ3yUK82thHWmC/TnK/wpMMIA=="],

    "@aws-crypto/sha256-browser/@smithy/util-utf8/@smithy/util-buffer-from/@smithy/is-array-buffer": ["@smithy/is-array-buffer@2.2.0", "", { "dependencies": { "tslib": "^2.6.2" } }, "sha512-GGP3O9QFD24uGeAXYUjwSTXARoqpZykHadOmA8G5vfJPK0/DC67qa//0qvqrJzL1xc8WQWX7/yc7fwudjPHPhA=="],

    "@aws-crypto/util/@smithy/util-utf8/@smithy/util-buffer-from/@smithy/is-array-buffer": ["@smithy/is-array-buffer@2.2.0", "", { "dependencies": { "tslib": "^2.6.2" } }, "sha512-GGP3O9QFD24uGeAXYUjwSTXARoqpZykHadOmA8G5vfJPK0/DC67qa//0qvqrJzL1xc8WQWX7/yc7fwudjPHPhA=="],
  }
}
